
Microsoft Visual Studio Solution File, Format Version 11.00
# Visual Studio 2010
Project("{FAE04EC0-301F-11D3-BF4B-00C04F79EFBC}") = "GameProjectReborn", "GameProjectReborn\GameProjectReborn\GameProjectReborn.csproj", "{F67C929F-AEE5-46F1-9356-C48F6A94C6A9}"
EndProject
Project("{FAE04EC0-301F-11D3-BF4B-00C04F79EFBC}") = "GameProjectRebornContent", "GameProjectReborn\GameProjectRebornContent\GameProjectRebornContent.contentproj", "{8989E729-B862-443C-A1D2-FD343C8BEB0C}"
EndProject
Global
	GlobalSection(SolutionConfigurationPlatforms) = preSolution
		Debug|x86 = Debug|x86
		Release|x86 = Release|x86
	EndGlobalSection
	GlobalSection(ProjectConfigurationPlatforms) = postSolution
		{F67C929F-AEE5-46F1-9356-C48F6A94C6A9}.Debug|x86.ActiveCfg = Debug|x86
		{F67C929F-AEE5-46F1-9356-C48F6A94C6A9}.Debug|x86.Build.0 = Debug|x86
		{F67C929F-AEE5-46F1-9356-C48F6A94C6A9}.Release|x86.ActiveCfg = Release|x86
		{F67C929F-AEE5-46F1-9356-C48F6A94C6A9}.Release|x86.Build.0 = Release|x86
		{8989E729-B862-443C-A1D2-FD343C8BEB0C}.Debug|x86.ActiveCfg = Debug|x86
		{8989E729-B862-443C-A1D2-FD343C8BEB0C}.Release|x86.ActiveCfg = Release|x86
	EndGlobalSection
	GlobalSection(SolutionProperties) = preSolution
		HideSolutionNode = FALSE
	EndGlobalSection
EndGlobal
