
Microsoft Visual Studio Solution File, Format Version 11.00
# Visual Studio 2010
Project("{FAE04EC0-301F-11D3-BF4B-00C04F79EFBC}") = "MapEditorReborn", "MapEditorReborn\MapEditorReborn.csproj", "{12663AD6-1BD8-4886-8F38-16ABF4FDB2BA}"
EndProject
Global
	GlobalSection(SolutionConfigurationPlatforms) = preSolution
		Debug|x86 = Debug|x86
		Release|x86 = Release|x86
	EndGlobalSection
	GlobalSection(ProjectConfigurationPlatforms) = postSolution
		{12663AD6-1BD8-4886-8F38-16ABF4FDB2BA}.Debug|x86.ActiveCfg = Debug|x86
		{12663AD6-1BD8-4886-8F38-16ABF4FDB2BA}.Debug|x86.Build.0 = Debug|x86
		{12663AD6-1BD8-4886-8F38-16ABF4FDB2BA}.Release|x86.ActiveCfg = Release|x86
		{12663AD6-1BD8-4886-8F38-16ABF4FDB2BA}.Release|x86.Build.0 = Release|x86
	EndGlobalSection
	GlobalSection(SolutionProperties) = preSolution
		HideSolutionNode = FALSE
	EndGlobalSection
EndGlobal
